
Microsoft Visual Studio Solution File, Format Version 12.00
# Visual Studio 2013
VisualStudioVersion = 12.0.30501.0
MinimumVisualStudioVersion = 10.0.40219.1
Project("{FAE04EC0-301F-11D3-BF4B-00C04F79EFBC}") = "Steam.Query", "Steam.Query\Steam.Query.csproj", "{F839D43E-C738-4C98-8A58-15613F9A1605}"
EndProject
Project("{FAE04EC0-301F-11D3-BF4B-00C04F79EFBC}") = "Steam.Query.Tests", "Steam.Query.Tests\Steam.Query.Tests.csproj", "{711D9D05-F4E2-49E7-9A41-34AE05C9E7C7}"
EndProject
Project("{2150E333-8FDC-42A3-9474-1A3956D46DE8}") = ".nuget", ".nuget", "{DB8121C2-15EB-4595-8341-6AB2B69DD128}"
	ProjectSection(SolutionItems) = preProject
		.nuget\NuGet.Config = .nuget\NuGet.Config
		.nuget\NuGet.exe = .nuget\NuGet.exe
		.nuget\NuGet.targets = .nuget\NuGet.targets
	EndProjectSection
EndProject
Project("{FAE04EC0-301F-11D3-BF4B-00C04F79EFBC}") = "Steam.Query-NET40", "Steam.Query-NET40\Steam.Query-NET40.csproj", "{603530F8-9F44-42E2-85E1-284D1426418B}"
EndProject
Global
	GlobalSection(SolutionConfigurationPlatforms) = preSolution
		Debug|Any CPU = Debug|Any CPU
		Release|Any CPU = Release|Any CPU
	EndGlobalSection
	GlobalSection(ProjectConfigurationPlatforms) = postSolution
		{F839D43E-C738-4C98-8A58-15613F9A1605}.Debug|Any CPU.ActiveCfg = Debug|Any CPU
		{F839D43E-C738-4C98-8A58-15613F9A1605}.Debug|Any CPU.Build.0 = Debug|Any CPU
		{F839D43E-C738-4C98-8A58-15613F9A1605}.Release|Any CPU.ActiveCfg = Release|Any CPU
		{F839D43E-C738-4C98-8A58-15613F9A1605}.Release|Any CPU.Build.0 = Release|Any CPU
		{711D9D05-F4E2-49E7-9A41-34AE05C9E7C7}.Debug|Any CPU.ActiveCfg = Debug|Any CPU
		{711D9D05-F4E2-49E7-9A41-34AE05C9E7C7}.Debug|Any CPU.Build.0 = Debug|Any CPU
		{711D9D05-F4E2-49E7-9A41-34AE05C9E7C7}.Release|Any CPU.ActiveCfg = Release|Any CPU
		{711D9D05-F4E2-49E7-9A41-34AE05C9E7C7}.Release|Any CPU.Build.0 = Release|Any CPU
		{603530F8-9F44-42E2-85E1-284D1426418B}.Debug|Any CPU.ActiveCfg = Debug|Any CPU
		{603530F8-9F44-42E2-85E1-284D1426418B}.Debug|Any CPU.Build.0 = Debug|Any CPU
		{603530F8-9F44-42E2-85E1-284D1426418B}.Release|Any CPU.ActiveCfg = Release|Any CPU
		{603530F8-9F44-42E2-85E1-284D1426418B}.Release|Any CPU.Build.0 = Release|Any CPU
	EndGlobalSection
	GlobalSection(SolutionProperties) = preSolution
		HideSolutionNode = FALSE
	EndGlobalSection
EndGlobal
